
Microsoft Visual Studio Solution File, Format Version 12.00
# Visual Studio Version 16
VisualStudioVersion = 16.0.30114.105
MinimumVisualStudioVersion = 10.0.40219.1
Project("{9A19103F-16F7-4668-BE54-9A1E7A4F7556}") = "ScriptingData", "ScriptingData\ScriptingData.csproj", "{F8110167-66A2-4007-8501-FFC66FE0A107}"
EndProject
Global
	GlobalSection(SolutionConfigurationPlatforms) = preSolution
		Debug|Any CPU = Debug|Any CPU
		Release|Any CPU = Release|Any CPU
	EndGlobalSection
	GlobalSection(ProjectConfigurationPlatforms) = postSolution
		{F8110167-66A2-4007-8501-FFC66FE0A107}.Debug|Any CPU.ActiveCfg = Debug|Any CPU
		{F8110167-66A2-4007-8501-FFC66FE0A107}.Debug|Any CPU.Build.0 = Debug|Any CPU
		{F8110167-66A2-4007-8501-FFC66FE0A107}.Release|Any CPU.ActiveCfg = Release|Any CPU
		{F8110167-66A2-4007-8501-FFC66FE0A107}.Release|Any CPU.Build.0 = Release|Any CPU
	EndGlobalSection
	GlobalSection(SolutionProperties) = preSolution
		HideSolutionNode = FALSE
	EndGlobalSection
	GlobalSection(ExtensibilityGlobals) = postSolution
		SolutionGuid = {3C1577EB-D876-4282-BBC0-50C1327EC6A7}
	EndGlobalSection
EndGlobal
